
Microsoft Visual Studio Solution File, Format Version 12.00
# Visual Studio Version 16
VisualStudioVersion = 16.0.30225.117
MinimumVisualStudioVersion = 10.0.40219.1
Project("{FAE04EC0-301F-11D3-BF4B-00C04F79EFBC}") = "Packaged_Database", "Packaged_Database.csproj", "{48C72A0D-267D-486D-8C84-FE99F2AEAF40}"
EndProject
Global
	GlobalSection(SolutionConfigurationPlatforms) = preSolution
		Debug|Any CPU = Debug|Any CPU
		Release|Any CPU = Release|Any CPU
	EndGlobalSection
	GlobalSection(ProjectConfigurationPlatforms) = postSolution
		{48C72A0D-267D-486D-8C84-FE99F2AEAF40}.Debug|Any CPU.ActiveCfg = Debug|Any CPU
		{48C72A0D-267D-486D-8C84-FE99F2AEAF40}.Debug|Any CPU.Build.0 = Debug|Any CPU
		{48C72A0D-267D-486D-8C84-FE99F2AEAF40}.Debug|Any CPU.Deploy.0 = Debug|Any CPU
		{48C72A0D-267D-486D-8C84-FE99F2AEAF40}.Release|Any CPU.ActiveCfg = Release|Any CPU
		{48C72A0D-267D-486D-8C84-FE99F2AEAF40}.Release|Any CPU.Build.0 = Release|Any CPU
		{48C72A0D-267D-486D-8C84-FE99F2AEAF40}.Release|Any CPU.Deploy.0 = Release|Any CPU
	EndGlobalSection
	GlobalSection(SolutionProperties) = preSolution
		HideSolutionNode = FALSE
	EndGlobalSection
	GlobalSection(ExtensibilityGlobals) = postSolution
		SolutionGuid = {BFC518DC-1B63-45B1-824E-EE009D5798D4}
	EndGlobalSection
EndGlobal
